// !$*UTF8*$!
{
	archiveVersion = 1;
	classes = {
	};
	objectVersion = 50;
	objects = {

/* Begin PBXBuildFile section */
		AC568ED52660F1BA005F910F /* MetaWeatherLocationResponse.swift in Sources */ = {isa = PBXBuildFile; fileRef = AC568ED42660F1BA005F910F /* MetaWeatherLocationResponse.swift */; };
		AC568ED82660F225005F910F /* MetaWeatherLocationFetcher.swift in Sources */ = {isa = PBXBuildFile; fileRef = AC568ED72660F225005F910F /* MetaWeatherLocationFetcher.swift */; };
		AC93CDEB26601EFD00E1EB4E /* MetaWeatherResponse.swift in Sources */ = {isa = PBXBuildFile; fileRef = AC93CDEA26601EFD00E1EB4E /* MetaWeatherResponse.swift */; };
		AC93CDEE26602E7500E1EB4E /* MetaWeatherFetcher.swift in Sources */ = {isa = PBXBuildFile; fileRef = AC93CDED26602E7500E1EB4E /* MetaWeatherFetcher.swift */; };
		ACBE8D8926416A2E00109BF2 /* WeatherAppApp.swift in Sources */ = {isa = PBXBuildFile; fileRef = ACBE8D8826416A2E00109BF2 /* WeatherAppApp.swift */; };
		ACBE8D8B26416A2E00109BF2 /* ContentView.swift in Sources */ = {isa = PBXBuildFile; fileRef = ACBE8D8A26416A2E00109BF2 /* ContentView.swift */; };
		ACBE8D8D26416A3000109BF2 /* Assets.xcassets in Resources */ = {isa = PBXBuildFile; fileRef = ACBE8D8C26416A3000109BF2 /* Assets.xcassets */; };
		ACBE8D9026416A3000109BF2 /* Preview Assets.xcassets in Resources */ = {isa = PBXBuildFile; fileRef = ACBE8D8F26416A3000109BF2 /* Preview Assets.xcassets */; };
		ACBE8D992641742A00109BF2 /* WeatherModel.swift in Sources */ = {isa = PBXBuildFile; fileRef = ACBE8D982641742A00109BF2 /* WeatherModel.swift */; };
		ACBE8D9C2641766600109BF2 /* WeatherViewModel.swift in Sources */ = {isa = PBXBuildFile; fileRef = ACBE8D9B2641766600109BF2 /* WeatherViewModel.swift */; };
		ACCE027A266FDD9000DEB2A5 /* WeatherDetails.swift in Sources */ = {isa = PBXBuildFile; fileRef = ACCE0279266FDD9000DEB2A5 /* WeatherDetails.swift */; };
/* End PBXBuildFile section */

/* Begin PBXFileReference section */
		AC568ED42660F1BA005F910F /* MetaWeatherLocationResponse.swift */ = {isa = PBXFileReference; lastKnownFileType = sourcecode.swift; path = MetaWeatherLocationResponse.swift; sourceTree = "<group>"; };
		AC568ED72660F225005F910F /* MetaWeatherLocationFetcher.swift */ = {isa = PBXFileReference; lastKnownFileType = sourcecode.swift; path = MetaWeatherLocationFetcher.swift; sourceTree = "<group>"; };
		AC93CDEA26601EFD00E1EB4E /* MetaWeatherResponse.swift */ = {isa = PBXFileReference; lastKnownFileType = sourcecode.swift; path = MetaWeatherResponse.swift; sourceTree = "<group>"; };
		AC93CDED26602E7500E1EB4E /* MetaWeatherFetcher.swift */ = {isa = PBXFileReference; lastKnownFileType = sourcecode.swift; path = MetaWeatherFetcher.swift; sourceTree = "<group>"; };
		ACBE8D8526416A2E00109BF2 /* WeatherApp.app */ = {isa = PBXFileReference; explicitFileType = wrapper.application; includeInIndex = 0; path = WeatherApp.app; sourceTree = BUILT_PRODUCTS_DIR; };
		ACBE8D8826416A2E00109BF2 /* WeatherAppApp.swift */ = {isa = PBXFileReference; lastKnownFileType = sourcecode.swift; path = WeatherAppApp.swift; sourceTree = "<group>"; };
		ACBE8D8A26416A2E00109BF2 /* ContentView.swift */ = {isa = PBXFileReference; lastKnownFileType = sourcecode.swift; path = ContentView.swift; sourceTree = "<group>"; };
		ACBE8D8C26416A3000109BF2 /* Assets.xcassets */ = {isa = PBXFileReference; lastKnownFileType = folder.assetcatalog; path = Assets.xcassets; sourceTree = "<group>"; };
		ACBE8D8F26416A3000109BF2 /* Preview Assets.xcassets */ = {isa = PBXFileReference; lastKnownFileType = folder.assetcatalog; path = "Preview Assets.xcassets"; sourceTree = "<group>"; };
		ACBE8D9126416A3000109BF2 /* Info.plist */ = {isa = PBXFileReference; lastKnownFileType = text.plist.xml; path = Info.plist; sourceTree = "<group>"; };
		ACBE8D982641742A00109BF2 /* WeatherModel.swift */ = {isa = PBXFileReference; lastKnownFileType = sourcecode.swift; path = WeatherModel.swift; sourceTree = "<group>"; };
		ACBE8D9B2641766600109BF2 /* WeatherViewModel.swift */ = {isa = PBXFileReference; lastKnownFileType = sourcecode.swift; path = WeatherViewModel.swift; sourceTree = "<group>"; };
		ACCE0279266FDD9000DEB2A5 /* WeatherDetails.swift */ = {isa = PBXFileReference; lastKnownFileType = sourcecode.swift; path = WeatherDetails.swift; sourceTree = "<group>"; };
/* End PBXFileReference section */

/* Begin PBXFrameworksBuildPhase section */
		ACBE8D8226416A2E00109BF2 /* Frameworks */ = {
			isa = PBXFrameworksBuildPhase;
			buildActionMask = 2147483647;
			files = (
			);
			runOnlyForDeploymentPostprocessing = 0;
		};
/* End PBXFrameworksBuildPhase section */

/* Begin PBXGroup section */
		ACBE8D7C26416A2E00109BF2 = {
			isa = PBXGroup;
			children = (
				ACBE8D8726416A2E00109BF2 /* WeatherApp */,
				ACBE8D8626416A2E00109BF2 /* Products */,
			);
			sourceTree = "<group>";
		};
		ACBE8D8626416A2E00109BF2 /* Products */ = {
			isa = PBXGroup;
			children = (
				ACBE8D8526416A2E00109BF2 /* WeatherApp.app */,
			);
			name = Products;
			sourceTree = "<group>";
		};
		ACBE8D8726416A2E00109BF2 /* WeatherApp */ = {
			isa = PBXGroup;
			children = (
				ACBE8D8826416A2E00109BF2 /* WeatherAppApp.swift */,
				ACBE8D8A26416A2E00109BF2 /* ContentView.swift */,
				ACBE8D982641742A00109BF2 /* WeatherModel.swift */,
				ACBE8D9B2641766600109BF2 /* WeatherViewModel.swift */,
				ACBE8D8C26416A3000109BF2 /* Assets.xcassets */,
				ACBE8D9126416A3000109BF2 /* Info.plist */,
				ACBE8D8E26416A3000109BF2 /* Preview Content */,
				AC93CDEA26601EFD00E1EB4E /* MetaWeatherResponse.swift */,
				AC93CDED26602E7500E1EB4E /* MetaWeatherFetcher.swift */,
				AC568ED42660F1BA005F910F /* MetaWeatherLocationResponse.swift */,
				AC568ED72660F225005F910F /* MetaWeatherLocationFetcher.swift */,
				ACCE0279266FDD9000DEB2A5 /* WeatherDetails.swift */,
			);
			path = WeatherApp;
			sourceTree = "<group>";
		};
		ACBE8D8E26416A3000109BF2 /* Preview Content */ = {
			isa = PBXGroup;
			children = (
				ACBE8D8F26416A3000109BF2 /* Preview Assets.xcassets */,
			);
			path = "Preview Content";
			sourceTree = "<group>";
		};
/* End PBXGroup section */

/* Begin PBXNativeTarget section */
		ACBE8D8426416A2E00109BF2 /* WeatherApp */ = {
			isa = PBXNativeTarget;
			buildConfigurationList = ACBE8D9426416A3000109BF2 /* Build configuration list for PBXNativeTarget "WeatherApp" */;
			buildPhases = (
				ACBE8D8126416A2E00109BF2 /* Sources */,
				ACBE8D8226416A2E00109BF2 /* Frameworks */,
				ACBE8D8326416A2E00109BF2 /* Resources */,
			);
			buildRules = (
			);
			dependencies = (
			);
			name = WeatherApp;
			productName = WeatherApp;
			productReference = ACBE8D8526416A2E00109BF2 /* WeatherApp.app */;
			productType = "com.apple.product-type.application";
		};
/* End PBXNativeTarget section */

/* Begin PBXProject section */
		ACBE8D7D26416A2E00109BF2 /* Project object */ = {
			isa = PBXProject;
			attributes = {
				LastSwiftUpdateCheck = 1240;
				LastUpgradeCheck = 1240;
				TargetAttributes = {
					ACBE8D8426416A2E00109BF2 = {
						CreatedOnToolsVersion = 12.4;
					};
				};
			};
			buildConfigurationList = ACBE8D8026416A2E00109BF2 /* Build configuration list for PBXProject "WeatherApp" */;
			compatibilityVersion = "Xcode 9.3";
			developmentRegion = en;
			hasScannedForEncodings = 0;
			knownRegions = (
				en,
				Base,
			);
			mainGroup = ACBE8D7C26416A2E00109BF2;
			productRefGroup = ACBE8D8626416A2E00109BF2 /* Products */;
			projectDirPath = "";
			projectRoot = "";
			targets = (
				ACBE8D8426416A2E00109BF2 /* WeatherApp */,
			);
		};
/* End PBXProject section */

/* Begin PBXResourcesBuildPhase section */
		ACBE8D8326416A2E00109BF2 /* Resources */ = {
			isa = PBXResourcesBuildPhase;
			buildActionMask = 2147483647;
			files = (
				ACBE8D9026416A3000109BF2 /* Preview Assets.xcassets in Resources */,
				ACBE8D8D26416A3000109BF2 /* Assets.xcassets in Resources */,
			);
			runOnlyForDeploymentPostprocessing = 0;
		};
/* End PBXResourcesBuildPhase section */

/* Begin PBXSourcesBuildPhase section */
		ACBE8D8126416A2E00109BF2 /* Sources */ = {
			isa = PBXSourcesBuildPhase;
			buildActionMask = 2147483647;
			files = (
				AC568ED82660F225005F910F /* MetaWeatherLocationFetcher.swift in Sources */,
				ACBE8D8B26416A2E00109BF2 /* ContentView.swift in Sources */,
				AC93CDEE26602E7500E1EB4E /* MetaWeatherFetcher.swift in Sources */,
				ACCE027A266FDD9000DEB2A5 /* WeatherDetails.swift in Sources */,
				ACBE8D9C2641766600109BF2 /* WeatherViewModel.swift in Sources */,
				ACBE8D992641742A00109BF2 /* WeatherModel.swift in Sources */,
				AC568ED52660F1BA005F910F /* MetaWeatherLocationResponse.swift in Sources */,
				ACBE8D8926416A2E00109BF2 /* WeatherAppApp.swift in Sources */,
				AC93CDEB26601EFD00E1EB4E /* MetaWeatherResponse.swift in Sources */,
			);
			runOnlyForDeploymentPostprocessing = 0;
		};
/* End PBXSourcesBuildPhase section */

/* Begin XCBuildConfiguration section */
		ACBE8D9226416A3000109BF2 /* Debug */ = {
			isa = XCBuildConfiguration;
			buildSettings = {
				ALWAYS_SEARCH_USER_PATHS = NO;
				CLANG_ANALYZER_NONNULL = YES;
				CLANG_ANALYZER_NUMBER_OBJECT_CONVERSION = YES_AGGRESSIVE;
				CLANG_CXX_LANGUAGE_STANDARD = "gnu++14";
				CLANG_CXX_LIBRARY = "libc++";
				CLANG_ENABLE_MODULES = YES;
				CLANG_ENABLE_OBJC_ARC = YES;
				CLANG_ENABLE_OBJC_WEAK = YES;
				CLANG_WARN_BLOCK_CAPTURE_AUTORELEASING = YES;
				CLANG_WARN_BOOL_CONVERSION = YES;
				CLANG_WARN_COMMA = YES;
				CLANG_WARN_CONSTANT_CONVERSION = YES;
				CLANG_WARN_DEPRECATED_OBJC_IMPLEMENTATIONS = YES;
				CLANG_WARN_DIRECT_OBJC_ISA_USAGE = YES_ERROR;
				CLANG_WARN_DOCUMENTATION_COMMENTS = YES;
				CLANG_WARN_EMPTY_BODY = YES;
				CLANG_WARN_ENUM_CONVERSION = YES;
				CLANG_WARN_INFINITE_RECURSION = YES;
				CLANG_WARN_INT_CONVERSION = YES;
				CLANG_WARN_NON_LITERAL_NULL_CONVERSION = YES;
				CLANG_WARN_OBJC_IMPLICIT_RETAIN_SELF = YES;
				CLANG_WARN_OBJC_LITERAL_CONVERSION = YES;
				CLANG_WARN_OBJC_ROOT_CLASS = YES_ERROR;
				CLANG_WARN_QUOTED_INCLUDE_IN_FRAMEWORK_HEADER = YES;
				CLANG_WARN_RANGE_LOOP_ANALYSIS = YES;
				CLANG_WARN_STRICT_PROTOTYPES = YES;
				CLANG_WARN_SUSPICIOUS_MOVE = YES;
				CLANG_WARN_UNGUARDED_AVAILABILITY = YES_AGGRESSIVE;
				CLANG_WARN_UNREACHABLE_CODE = YES;
				CLANG_WARN__DUPLICATE_METHOD_MATCH = YES;
				COPY_PHASE_STRIP = NO;
				DEBUG_INFORMATION_FORMAT = dwarf;
				ENABLE_STRICT_OBJC_MSGSEND = YES;
				ENABLE_TESTABILITY = YES;
				GCC_C_LANGUAGE_STANDARD = gnu11;
				GCC_DYNAMIC_NO_PIC = NO;
				GCC_NO_COMMON_BLOCKS = YES;
				GCC_OPTIMIZATION_LEVEL = 0;
				GCC_PREPROCESSOR_DEFINITIONS = (
					"DEBUG=1",
					"$(inherited)",
				);
				GCC_WARN_64_TO_32_BIT_CONVERSION = YES;
				GCC_WARN_ABOUT_RETURN_TYPE = YES_ERROR;
				GCC_WARN_UNDECLARED_SELECTOR = YES;
				GCC_WARN_UNINITIALIZED_AUTOS = YES_AGGRESSIVE;
				GCC_WARN_UNUSED_FUNCTION = YES;
				GCC_WARN_UNUSED_VARIABLE = YES;
				IPHONEOS_DEPLOYMENT_TARGET = 14.4;
				MTL_ENABLE_DEBUG_INFO = INCLUDE_SOURCE;
				MTL_FAST_MATH = YES;
				ONLY_ACTIVE_ARCH = YES;
				SDKROOT = iphoneos;
				SWIFT_ACTIVE_COMPILATION_CONDITIONS = DEBUG;
				SWIFT_OPTIMIZATION_LEVEL = "-Onone";
			};
			name = Debug;
		};
		ACBE8D9326416A3000109BF2 /* Release */ = {
			isa = XCBuildConfiguration;
			buildSettings = {
				ALWAYS_SEARCH_USER_PATHS = NO;
				CLANG_ANALYZER_NONNULL = YES;
				CLANG_ANALYZER_NUMBER_OBJECT_CONVERSION = YES_AGGRESSIVE;
				CLANG_CXX_LANGUAGE_STANDARD = "gnu++14";
				CLANG_CXX_LIBRARY = "libc++";
				CLANG_ENABLE_MODULES = YES;
				CLANG_ENABLE_OBJC_ARC = YES;
				CLANG_ENABLE_OBJC_WEAK = YES;
				CLANG_WARN_BLOCK_CAPTURE_AUTORELEASING = YES;
				CLANG_WARN_BOOL_CONVERSION = YES;
				CLANG_WARN_COMMA = YES;
				CLANG_WARN_CONSTANT_CONVERSION = YES;
				CLANG_WARN_DEPRECATED_OBJC_IMPLEMENTATIONS = YES;
				CLANG_WARN_DIRECT_OBJC_ISA_USAGE = YES_ERROR;
				CLANG_WARN_DOCUMENTATION_COMMENTS = YES;
				CLANG_WARN_EMPTY_BODY = YES;
				CLANG_WARN_ENUM_CONVERSION = YES;
				CLANG_WARN_INFINITE_RECURSION = YES;
				CLANG_WARN_INT_CONVERSION = YES;
				CLANG_WARN_NON_LITERAL_NULL_CONVERSION = YES;
				CLANG_WARN_OBJC_IMPLICIT_RETAIN_SELF = YES;
				CLANG_WARN_OBJC_LITERAL_CONVERSION = YES;
				CLANG_WARN_OBJC_ROOT_CLASS = YES_ERROR;
				CLANG_WARN_QUOTED_INCLUDE_IN_FRAMEWORK_HEADER = YES;
				CLANG_WARN_RANGE_LOOP_ANALYSIS = YES;
				CLANG_WARN_STRICT_PROTOTYPES = YES;
				CLANG_WARN_SUSPICIOUS_MOVE = YES;
				CLANG_WARN_UNGUARDED_AVAILABILITY = YES_AGGRESSIVE;
				CLANG_WARN_UNREACHABLE_CODE = YES;
				CLANG_WARN__DUPLICATE_METHOD_MATCH = YES;
				COPY_PHASE_STRIP = NO;
				DEBUG_INFORMATION_FORMAT = "dwarf-with-dsym";
				ENABLE_NS_ASSERTIONS = NO;
				ENABLE_STRICT_OBJC_MSGSEND = YES;
				GCC_C_LANGUAGE_STANDARD = gnu11;
				GCC_NO_COMMON_BLOCKS = YES;
				GCC_WARN_64_TO_32_BIT_CONVERSION = YES;
				GCC_WARN_ABOUT_RETURN_TYPE = YES_ERROR;
				GCC_WARN_UNDECLARED_SELECTOR = YES;
				GCC_WARN_UNINITIALIZED_AUTOS = YES_AGGRESSIVE;
				GCC_WARN_UNUSED_FUNCTION = YES;
				GCC_WARN_UNUSED_VARIABLE = YES;
				IPHONEOS_DEPLOYMENT_TARGET = 14.4;
				MTL_ENABLE_DEBUG_INFO = NO;
				MTL_FAST_MATH = YES;
				SDKROOT = iphoneos;
				SWIFT_COMPILATION_MODE = wholemodule;
				SWIFT_OPTIMIZATION_LEVEL = "-O";
				VALIDATE_PRODUCT = YES;
			};
			name = Release;
		};
		ACBE8D9526416A3000109BF2 /* Debug */ = {
			isa = XCBuildConfiguration;
			buildSettings = {
				ASSETCATALOG_COMPILER_APPICON_NAME = AppIcon;
				ASSETCATALOG_COMPILER_GLOBAL_ACCENT_COLOR_NAME = AccentColor;
				CODE_SIGN_STYLE = Automatic;
				DEVELOPMENT_ASSET_PATHS = "\"WeatherApp/Preview Content\"";
				ENABLE_PREVIEWS = YES;
				INFOPLIST_FILE = WeatherApp/Info.plist;
				IPHONEOS_DEPLOYMENT_TARGET = 14.0;
				LD_RUNPATH_SEARCH_PATHS = (
					"$(inherited)",
					"@executable_path/Frameworks",
				);
				PRODUCT_BUNDLE_IDENTIFIER = pl.edu.agh.kis.WeatherApp;
				PRODUCT_NAME = "$(TARGET_NAME)";
				SWIFT_VERSION = 5.0;
				TARGETED_DEVICE_FAMILY = "1,2";
			};
			name = Debug;
		};
		ACBE8D9626416A3000109BF2 /* Release */ = {
			isa = XCBuildConfiguration;
			buildSettings = {
				ASSETCATALOG_COMPILER_APPICON_NAME = AppIcon;
				ASSETCATALOG_COMPILER_GLOBAL_ACCENT_COLOR_NAME = AccentColor;
				CODE_SIGN_STYLE = Automatic;
				DEVELOPMENT_ASSET_PATHS = "\"WeatherApp/Preview Content\"";
				ENABLE_PREVIEWS = YES;
				INFOPLIST_FILE = WeatherApp/Info.plist;
				IPHONEOS_DEPLOYMENT_TARGET = 14.0;
				LD_RUNPATH_SEARCH_PATHS = (
					"$(inherited)",
					"@executable_path/Frameworks",
				);
				PRODUCT_BUNDLE_IDENTIFIER = pl.edu.agh.kis.WeatherApp;
				PRODUCT_NAME = "$(TARGET_NAME)";
				SWIFT_VERSION = 5.0;
				TARGETED_DEVICE_FAMILY = "1,2";
			};
			name = Release;
		};
/* End XCBuildConfiguration section */

/* Begin XCConfigurationList section */
		ACBE8D8026416A2E00109BF2 /* Build configuration list for PBXProject "WeatherApp" */ = {
			isa = XCConfigurationList;
			buildConfigurations = (
				ACBE8D9226416A3000109BF2 /* Debug */,
				ACBE8D9326416A3000109BF2 /* Release */,
			);
			defaultConfigurationIsVisible = 0;
			defaultConfigurationName = Release;
		};
		ACBE8D9426416A3000109BF2 /* Build configuration list for PBXNativeTarget "WeatherApp" */ = {
			isa = XCConfigurationList;
			buildConfigurations = (
				ACBE8D9526416A3000109BF2 /* Debug */,
				ACBE8D9626416A3000109BF2 /* Release */,
			);
			defaultConfigurationIsVisible = 0;
			defaultConfigurationName = Release;
		};
/* End XCConfigurationList section */
	};
	rootObject = ACBE8D7D26416A2E00109BF2 /* Project object */;
}
